
Microsoft Visual Studio Solution File, Format Version 12.00
# Visual Studio Version 16
VisualStudioVersion = 16.0.29326.143
MinimumVisualStudioVersion = 10.0.40219.1
Project("{FAE04EC0-301F-11D3-BF4B-00C04F79EFBC}") = "StudentEnrollmentDemoD10", "StudentEnrollmentDemoD10\StudentEnrollmentDemoD10.csproj", "{DDABAF68-852A-4D65-9D19-7B884C6EC797}"
EndProject
Global
	GlobalSection(SolutionConfigurationPlatforms) = preSolution
		Debug|Any CPU = Debug|Any CPU
		Release|Any CPU = Release|Any CPU
	EndGlobalSection
	GlobalSection(ProjectConfigurationPlatforms) = postSolution
		{DDABAF68-852A-4D65-9D19-7B884C6EC797}.Debug|Any CPU.ActiveCfg = Debug|Any CPU
		{DDABAF68-852A-4D65-9D19-7B884C6EC797}.Debug|Any CPU.Build.0 = Debug|Any CPU
		{DDABAF68-852A-4D65-9D19-7B884C6EC797}.Release|Any CPU.ActiveCfg = Release|Any CPU
		{DDABAF68-852A-4D65-9D19-7B884C6EC797}.Release|Any CPU.Build.0 = Release|Any CPU
	EndGlobalSection
	GlobalSection(SolutionProperties) = preSolution
		HideSolutionNode = FALSE
	EndGlobalSection
	GlobalSection(ExtensibilityGlobals) = postSolution
		SolutionGuid = {34F50B27-A26C-4B43-9ADE-CFB1AEC3017E}
	EndGlobalSection
EndGlobal
