
Microsoft Visual Studio Solution File, Format Version 12.00
# Visual Studio Version 16
VisualStudioVersion = 16.0.29326.143
MinimumVisualStudioVersion = 10.0.40219.1
Project("{FAE04EC0-301F-11D3-BF4B-00C04F79EFBC}") = "MyNewApp", "MyNewApp\MyNewApp.csproj", "{2CACA86B-247F-43E9-9C92-CCF7BF162D69}"
EndProject
Global
	GlobalSection(SolutionConfigurationPlatforms) = preSolution
		Debug|Any CPU = Debug|Any CPU
		Release|Any CPU = Release|Any CPU
	EndGlobalSection
	GlobalSection(ProjectConfigurationPlatforms) = postSolution
		{2CACA86B-247F-43E9-9C92-CCF7BF162D69}.Debug|Any CPU.ActiveCfg = Debug|Any CPU
		{2CACA86B-247F-43E9-9C92-CCF7BF162D69}.Debug|Any CPU.Build.0 = Debug|Any CPU
		{2CACA86B-247F-43E9-9C92-CCF7BF162D69}.Release|Any CPU.ActiveCfg = Release|Any CPU
		{2CACA86B-247F-43E9-9C92-CCF7BF162D69}.Release|Any CPU.Build.0 = Release|Any CPU
	EndGlobalSection
	GlobalSection(SolutionProperties) = preSolution
		HideSolutionNode = FALSE
	EndGlobalSection
	GlobalSection(ExtensibilityGlobals) = postSolution
		SolutionGuid = {2475589A-6A18-48BD-93BB-58D4331B9AA5}
	EndGlobalSection
EndGlobal
